PODS:
  - faceunity_plugin (0.0.1):
    - Flutter
    - FURenderKit
    - MJExtension (= 3.0.15.1)
  - Flutter (1.0.0)
  - FURenderKit (7.4.1)
  - MJExtension (3.0.15.1)
  - zego_express_engine (1.0.0):
    - Flutter
    - FURenderKit
    - MJExtension (= 3.0.15.1)
    - ZegoExpressEngine (= 2.7.0)
  - ZegoExpressEngine (2.7.0):
    - ZegoExpressEngine/Video (= 2.7.0)
  - ZegoExpressEngine/Video (2.7.0)

DEPENDENCIES:
  - faceunity_plugin (from `.symlinks/plugins/faceunity_plugin/ios`)
  - Flutter (from `Flutter`)
  - zego_express_engine (from `.symlinks/plugins/zego_express_engine/ios`)

SPEC REPOS:
  trunk:
    - FURenderKit
    - MJExtension
    - ZegoExpressEngine

EXTERNAL SOURCES:
  faceunity_plugin:
    :path: ".symlinks/plugins/faceunity_plugin/ios"
  Flutter:
    :path: Flutter
  zego_express_engine:
    :path: ".symlinks/plugins/zego_express_engine/ios"

SPEC CHECKSUMS:
  faceunity_plugin: 560a6ab9ee6e988c25107a4a7d1fbb02b61f98e4
  Flutter: 50d75fe2f02b26cc09d224853bb45737f8b3214a
  FURenderKit: 53174f25ab4e7d006b6b3ec285493721dff8bd60
  MJExtension: 19bc33ce2eee2d319760f5622562cf581a6ff756
  zego_express_engine: 4862e491a1dab6e66844bbe4b4d7bf1723473b54
  ZegoExpressEngine: b961ac68e650c0487716e71ba17dceda8474351c

PODFILE CHECKSUM: 46304a4583a8b4e9f926d704b33fe706ccec86df

COCOAPODS: 1.11.2
